{
  "requires": true,
  "lockfileVersion": 1,
  "dependencies": {
    "node": {
      "version": "18.20.8",
      "resolved": "https://registry.npmjs.org/node/-/node-18.20.8.tgz",
      "integrity": "sha512-oQSpVXWlayMuvIRCn/CiA9UQtEq/vdiPGeBcKE9JP3uAfJn00vMJA7rlNvjxzbIj98eu52SEHmQBQI/ngMCWOw==",
      "requires": {
        "node-bin-setup": "^1.0.0"
      }
    },
    "node-bin-setup": {
      "version": "1.1.3",
      "resolved": "https://registry.npmjs.org/node-bin-setup/-/node-bin-setup-1.1.3.tgz",
      "integrity": "sha512-opgw9iSCAzT2+6wJOETCpeRYAQxSopqQ2z+N6BXwIMsQQ7Zj5M8MaafQY8JMlolRR6R1UXg2WmhKp0p9lSOivg=="
    }
  }
}
